// !$*UTF8*$!
{
	archiveVersion = 1;
	classes = {
	};
	objectVersion = 50;
	objects = {

/* Begin PBXBuildFile section */
		CD83722C24CC68E600DD8F86 /* AppDelegate.swift in Sources */ = {isa = PBXBuildFile; fileRef = CD83722B24CC68E600DD8F86 /* AppDelegate.swift */; };
		CD83722E24CC68E600DD8F86 /* ContentView.swift in Sources */ = {isa = PBXBuildFile; fileRef = CD83722D24CC68E600DD8F86 /* ContentView.swift */; };
		CD83723024CC68E700DD8F86 /* Assets.xcassets in Resources */ = {isa = PBXBuildFile; fileRef = CD83722F24CC68E700DD8F86 /* Assets.xcassets */; };
		CD83723324CC68E700DD8F86 /* Preview Assets.xcassets in Resources */ = {isa = PBXBuildFile; fileRef = CD83723224CC68E700DD8F86 /* Preview Assets.xcassets */; };
		CD83723624CC68E700DD8F86 /* Main.storyboard in Resources */ = {isa = PBXBuildFile; fileRef = CD83723424CC68E700DD8F86 /* Main.storyboard */; };
/* End PBXBuildFile section */

/* Begin PBXFileReference section */
		CD83722824CC68E600DD8F86 /* JcScreenCapture.app */ = {isa = PBXFileReference; explicitFileType = wrapper.application; includeInIndex = 0; path = JcScreenCapture.app; sourceTree = BUILT_PRODUCTS_DIR; };
		CD83722B24CC68E600DD8F86 /* AppDelegate.swift */ = {isa = PBXFileReference; lastKnownFileType = sourcecode.swift; path = AppDelegate.swift; sourceTree = "<group>"; };
		CD83722D24CC68E600DD8F86 /* ContentView.swift */ = {isa = PBXFileReference; lastKnownFileType = sourcecode.swift; path = ContentView.swift; sourceTree = "<group>"; };
		CD83722F24CC68E700DD8F86 /* Assets.xcassets */ = {isa = PBXFileReference; lastKnownFileType = folder.assetcatalog; path = Assets.xcassets; sourceTree = "<group>"; };
		CD83723224CC68E700DD8F86 /* Preview Assets.xcassets */ = {isa = PBXFileReference; lastKnownFileType = folder.assetcatalog; path = "Preview Assets.xcassets"; sourceTree = "<group>"; };
		CD83723524CC68E700DD8F86 /* Base */ = {isa = PBXFileReference; lastKnownFileType = file.storyboard; name = Base; path = Base.lproj/Main.storyboard; sourceTree = "<group>"; };
		CD83723724CC68E700DD8F86 /* Info.plist */ = {isa = PBXFileReference; lastKnownFileType = text.plist.xml; path = Info.plist; sourceTree = "<group>"; };
		CD83723824CC68E700DD8F86 /* JcScreenCapture.entitlements */ = {isa = PBXFileReference; lastKnownFileType = text.plist.entitlements; path = JcScreenCapture.entitlements; sourceTree = "<group>"; };
/* End PBXFileReference section */

/* Begin PBXFrameworksBuildPhase section */
		CD83722524CC68E600DD8F86 /* Frameworks */ = {
			isa = PBXFrameworksBuildPhase;
			buildActionMask = 2147483647;
			files = (
			);
			runOnlyForDeploymentPostprocessing = 0;
		};
/* End PBXFrameworksBuildPhase section */

/* Begin PBXGroup section */
		CD83721F24CC68E500DD8F86 = {
			isa = PBXGroup;
			children = (
				CD83722A24CC68E600DD8F86 /* JcScreenCapture */,
				CD83722924CC68E600DD8F86 /* Products */,
			);
			sourceTree = "<group>";
		};
		CD83722924CC68E600DD8F86 /* Products */ = {
			isa = PBXGroup;
			children = (
				CD83722824CC68E600DD8F86 /* JcScreenCapture.app */,
			);
			name = Products;
			sourceTree = "<group>";
		};
		CD83722A24CC68E600DD8F86 /* JcScreenCapture */ = {
			isa = PBXGroup;
			children = (
				CD83722B24CC68E600DD8F86 /* AppDelegate.swift */,
				CD83722D24CC68E600DD8F86 /* ContentView.swift */,
				CD83722F24CC68E700DD8F86 /* Assets.xcassets */,
				CD83723424CC68E700DD8F86 /* Main.storyboard */,
				CD83723724CC68E700DD8F86 /* Info.plist */,
				CD83723824CC68E700DD8F86 /* JcScreenCapture.entitlements */,
				CD83723124CC68E700DD8F86 /* Preview Content */,
			);
			path = JcScreenCapture;
			sourceTree = "<group>";
		};
		CD83723124CC68E700DD8F86 /* Preview Content */ = {
			isa = PBXGroup;
			children = (
				CD83723224CC68E700DD8F86 /* Preview Assets.xcassets */,
			);
			path = "Preview Content";
			sourceTree = "<group>";
		};
/* End PBXGroup section */

/* Begin PBXNativeTarget section */
		CD83722724CC68E600DD8F86 /* JcScreenCapture */ = {
			isa = PBXNativeTarget;
			buildConfigurationList = CD83723B24CC68E700DD8F86 /* Build configuration list for PBXNativeTarget "JcScreenCapture" */;
			buildPhases = (
				CD83722424CC68E600DD8F86 /* Sources */,
				CD83722524CC68E600DD8F86 /* Frameworks */,
				CD83722624CC68E600DD8F86 /* Resources */,
			);
			buildRules = (
			);
			dependencies = (
			);
			name = JcScreenCapture;
			productName = JcScreenCapture;
			productReference = CD83722824CC68E600DD8F86 /* JcScreenCapture.app */;
			productType = "com.apple.product-type.application";
		};
/* End PBXNativeTarget section */

/* Begin PBXProject section */
		CD83722024CC68E500DD8F86 /* Project object */ = {
			isa = PBXProject;
			attributes = {
				LastSwiftUpdateCheck = 1160;
				LastUpgradeCheck = 1160;
				ORGANIZATIONNAME = "Jianchun Cheng";
				TargetAttributes = {
					CD83722724CC68E600DD8F86 = {
						CreatedOnToolsVersion = 11.6;
					};
				};
			};
			buildConfigurationList = CD83722324CC68E500DD8F86 /* Build configuration list for PBXProject "JcScreenCapture" */;
			compatibilityVersion = "Xcode 9.3";
			developmentRegion = en;
			hasScannedForEncodings = 0;
			knownRegions = (
				en,
				Base,
			);
			mainGroup = CD83721F24CC68E500DD8F86;
			productRefGroup = CD83722924CC68E600DD8F86 /* Products */;
			projectDirPath = "";
			projectRoot = "";
			targets = (
				CD83722724CC68E600DD8F86 /* JcScreenCapture */,
			);
		};
/* End PBXProject section */

/* Begin PBXResourcesBuildPhase section */
		CD83722624CC68E600DD8F86 /* Resources */ = {
			isa = PBXResourcesBuildPhase;
			buildActionMask = 2147483647;
			files = (
				CD83723624CC68E700DD8F86 /* Main.storyboard in Resources */,
				CD83723324CC68E700DD8F86 /* Preview Assets.xcassets in Resources */,
				CD83723024CC68E700DD8F86 /* Assets.xcassets in Resources */,
			);
			runOnlyForDeploymentPostprocessing = 0;
		};
/* End PBXResourcesBuildPhase section */

/* Begin PBXSourcesBuildPhase section */
		CD83722424CC68E600DD8F86 /* Sources */ = {
			isa = PBXSourcesBuildPhase;
			buildActionMask = 2147483647;
			files = (
				CD83722E24CC68E600DD8F86 /* ContentView.swift in Sources */,
				CD83722C24CC68E600DD8F86 /* AppDelegate.swift in Sources */,
			);
			runOnlyForDeploymentPostprocessing = 0;
		};
/* End PBXSourcesBuildPhase section */

/* Begin PBXVariantGroup section */
		CD83723424CC68E700DD8F86 /* Main.storyboard */ = {
			isa = PBXVariantGroup;
			children = (
				CD83723524CC68E700DD8F86 /* Base */,
			);
			name = Main.storyboard;
			sourceTree = "<group>";
		};
/* End PBXVariantGroup section */

/* Begin XCBuildConfiguration section */
		CD83723924CC68E700DD8F86 /* Debug */ = {
			isa = XCBuildConfiguration;
			buildSettings = {
				ALWAYS_SEARCH_USER_PATHS = NO;
				CLANG_ANALYZER_NONNULL = YES;
				CLANG_ANALYZER_NUMBER_OBJECT_CONVERSION = YES_AGGRESSIVE;
				CLANG_CXX_LANGUAGE_STANDARD = "gnu++14";
				CLANG_CXX_LIBRARY = "libc++";
				CLANG_ENABLE_MODULES = YES;
				CLANG_ENABLE_OBJC_ARC = YES;
				CLANG_ENABLE_OBJC_WEAK = YES;
				CLANG_WARN_BLOCK_CAPTURE_AUTORELEASING = YES;
				CLANG_WARN_BOOL_CONVERSION = YES;
				CLANG_WARN_COMMA = YES;
				CLANG_WARN_CONSTANT_CONVERSION = YES;
				CLANG_WARN_DEPRECATED_OBJC_IMPLEMENTATIONS = YES;
				CLANG_WARN_DIRECT_OBJC_ISA_USAGE = YES_ERROR;
				CLANG_WARN_DOCUMENTATION_COMMENTS = YES;
				CLANG_WARN_EMPTY_BODY = YES;
				CLANG_WARN_ENUM_CONVERSION = YES;
				CLANG_WARN_INFINITE_RECURSION = YES;
				CLANG_WARN_INT_CONVERSION = YES;
				CLANG_WARN_NON_LITERAL_NULL_CONVERSION = YES;
				CLANG_WARN_OBJC_IMPLICIT_RETAIN_SELF = YES;
				CLANG_WARN_OBJC_LITERAL_CONVERSION = YES;
				CLANG_WARN_OBJC_ROOT_CLASS = YES_ERROR;
				CLANG_WARN_RANGE_LOOP_ANALYSIS = YES;
				CLANG_WARN_STRICT_PROTOTYPES = YES;
				CLANG_WARN_SUSPICIOUS_MOVE = YES;
				CLANG_WARN_UNGUARDED_AVAILABILITY = YES_AGGRESSIVE;
				CLANG_WARN_UNREACHABLE_CODE = YES;
				CLANG_WARN__DUPLICATE_METHOD_MATCH = YES;
				COPY_PHASE_STRIP = NO;
				DEBUG_INFORMATION_FORMAT = dwarf;
				ENABLE_STRICT_OBJC_MSGSEND = YES;
				ENABLE_TESTABILITY = YES;
				GCC_C_LANGUAGE_STANDARD = gnu11;
				GCC_DYNAMIC_NO_PIC = NO;
				GCC_NO_COMMON_BLOCKS = YES;
				GCC_OPTIMIZATION_LEVEL = 0;
				GCC_PREPROCESSOR_DEFINITIONS = (
					"DEBUG=1",
					"$(inherited)",
				);
				GCC_WARN_64_TO_32_BIT_CONVERSION = YES;
				GCC_WARN_ABOUT_RETURN_TYPE = YES_ERROR;
				GCC_WARN_UNDECLARED_SELECTOR = YES;
				GCC_WARN_UNINITIALIZED_AUTOS = YES_AGGRESSIVE;
				GCC_WARN_UNUSED_FUNCTION = YES;
				GCC_WARN_UNUSED_VARIABLE = YES;
				MACOSX_DEPLOYMENT_TARGET = 10.15;
				MTL_ENABLE_DEBUG_INFO = INCLUDE_SOURCE;
				MTL_FAST_MATH = YES;
				ONLY_ACTIVE_ARCH = YES;
				SDKROOT = macosx;
				SWIFT_ACTIVE_COMPILATION_CONDITIONS = DEBUG;
				SWIFT_OPTIMIZATION_LEVEL = "-Onone";
			};
			name = Debug;
		};
		CD83723A24CC68E700DD8F86 /* Release */ = {
			isa = XCBuildConfiguration;
			buildSettings = {
				ALWAYS_SEARCH_USER_PATHS = NO;
				CLANG_ANALYZER_NONNULL = YES;
				CLANG_ANALYZER_NUMBER_OBJECT_CONVERSION = YES_AGGRESSIVE;
				CLANG_CXX_LANGUAGE_STANDARD = "gnu++14";
				CLANG_CXX_LIBRARY = "libc++";
				CLANG_ENABLE_MODULES = YES;
				CLANG_ENABLE_OBJC_ARC = YES;
				CLANG_ENABLE_OBJC_WEAK = YES;
				CLANG_WARN_BLOCK_CAPTURE_AUTORELEASING = YES;
				CLANG_WARN_BOOL_CONVERSION = YES;
				CLANG_WARN_COMMA = YES;
				CLANG_WARN_CONSTANT_CONVERSION = YES;
				CLANG_WARN_DEPRECATED_OBJC_IMPLEMENTATIONS = YES;
				CLANG_WARN_DIRECT_OBJC_ISA_USAGE = YES_ERROR;
				CLANG_WARN_DOCUMENTATION_COMMENTS = YES;
				CLANG_WARN_EMPTY_BODY = YES;
				CLANG_WARN_ENUM_CONVERSION = YES;
				CLANG_WARN_INFINITE_RECURSION = YES;
				CLANG_WARN_INT_CONVERSION = YES;
				CLANG_WARN_NON_LITERAL_NULL_CONVERSION = YES;
				CLANG_WARN_OBJC_IMPLICIT_RETAIN_SELF = YES;
				CLANG_WARN_OBJC_LITERAL_CONVERSION = YES;
				CLANG_WARN_OBJC_ROOT_CLASS = YES_ERROR;
				CLANG_WARN_RANGE_LOOP_ANALYSIS = YES;
				CLANG_WARN_STRICT_PROTOTYPES = YES;
				CLANG_WARN_SUSPICIOUS_MOVE = YES;
				CLANG_WARN_UNGUARDED_AVAILABILITY = YES_AGGRESSIVE;
				CLANG_WARN_UNREACHABLE_CODE = YES;
				CLANG_WARN__DUPLICATE_METHOD_MATCH = YES;
				COPY_PHASE_STRIP = NO;
				DEBUG_INFORMATION_FORMAT = "dwarf-with-dsym";
				ENABLE_NS_ASSERTIONS = NO;
				ENABLE_STRICT_OBJC_MSGSEND = YES;
				GCC_C_LANGUAGE_STANDARD = gnu11;
				GCC_NO_COMMON_BLOCKS = YES;
				GCC_WARN_64_TO_32_BIT_CONVERSION = YES;
				GCC_WARN_ABOUT_RETURN_TYPE = YES_ERROR;
				GCC_WARN_UNDECLARED_SELECTOR = YES;
				GCC_WARN_UNINITIALIZED_AUTOS = YES_AGGRESSIVE;
				GCC_WARN_UNUSED_FUNCTION = YES;
				GCC_WARN_UNUSED_VARIABLE = YES;
				MACOSX_DEPLOYMENT_TARGET = 10.15;
				MTL_ENABLE_DEBUG_INFO = NO;
				MTL_FAST_MATH = YES;
				SDKROOT = macosx;
				SWIFT_COMPILATION_MODE = wholemodule;
				SWIFT_OPTIMIZATION_LEVEL = "-O";
			};
			name = Release;
		};
		CD83723C24CC68E700DD8F86 /* Debug */ = {
			isa = XCBuildConfiguration;
			buildSettings = {
				ASSETCATALOG_COMPILER_APPICON_NAME = AppIcon;
				CODE_SIGN_ENTITLEMENTS = JcScreenCapture/JcScreenCapture.entitlements;
				CODE_SIGN_STYLE = Automatic;
				COMBINE_HIDPI_IMAGES = YES;
				DEVELOPMENT_ASSET_PATHS = "\"JcScreenCapture/Preview Content\"";
				ENABLE_PREVIEWS = YES;
				INFOPLIST_FILE = JcScreenCapture/Info.plist;
				LD_RUNPATH_SEARCH_PATHS = (
					"$(inherited)",
					"@executable_path/../Frameworks",
				);
				MACOSX_DEPLOYMENT_TARGET = 10.15;
				PRODUCT_BUNDLE_IDENTIFIER = space.jianchun.JcScreenCapture;
				PRODUCT_NAME = "$(TARGET_NAME)";
				SWIFT_VERSION = 5.0;
			};
			name = Debug;
		};
		CD83723D24CC68E700DD8F86 /* Release */ = {
			isa = XCBuildConfiguration;
			buildSettings = {
				ASSETCATALOG_COMPILER_APPICON_NAME = AppIcon;
				CODE_SIGN_ENTITLEMENTS = JcScreenCapture/JcScreenCapture.entitlements;
				CODE_SIGN_STYLE = Automatic;
				COMBINE_HIDPI_IMAGES = YES;
				DEVELOPMENT_ASSET_PATHS = "\"JcScreenCapture/Preview Content\"";
				ENABLE_PREVIEWS = YES;
				INFOPLIST_FILE = JcScreenCapture/Info.plist;
				LD_RUNPATH_SEARCH_PATHS = (
					"$(inherited)",
					"@executable_path/../Frameworks",
				);
				MACOSX_DEPLOYMENT_TARGET = 10.15;
				PRODUCT_BUNDLE_IDENTIFIER = space.jianchun.JcScreenCapture;
				PRODUCT_NAME = "$(TARGET_NAME)";
				SWIFT_VERSION = 5.0;
			};
			name = Release;
		};
/* End XCBuildConfiguration section */

/* Begin XCConfigurationList section */
		CD83722324CC68E500DD8F86 /* Build configuration list for PBXProject "JcScreenCapture" */ = {
			isa = XCConfigurationList;
			buildConfigurations = (
				CD83723924CC68E700DD8F86 /* Debug */,
				CD83723A24CC68E700DD8F86 /* Release */,
			);
			defaultConfigurationIsVisible = 0;
			defaultConfigurationName = Release;
		};
		CD83723B24CC68E700DD8F86 /* Build configuration list for PBXNativeTarget "JcScreenCapture" */ = {
			isa = XCConfigurationList;
			buildConfigurations = (
				CD83723C24CC68E700DD8F86 /* Debug */,
				CD83723D24CC68E700DD8F86 /* Release */,
			);
			defaultConfigurationIsVisible = 0;
			defaultConfigurationName = Release;
		};
/* End XCConfigurationList section */
	};
	rootObject = CD83722024CC68E500DD8F86 /* Project object */;
}
